
Microsoft Visual Studio Solution File, Format Version 12.00
# Visual Studio Version 17
VisualStudioVersion = 17.5.002.0
MinimumVisualStudioVersion = 10.0.40219.1
Project("{9A19103F-16F7-4668-BE54-9A1E7A4F7556}") = "TodoApi", "TodoApi\TodoApi.csproj", "{F1CEA383-A1E0-478A-B4CF-FD77DB9F52F2}"
EndProject
Project("{FAE04EC0-301F-11D3-BF4B-00C04F79EFBC}") = "TodoLibrary", "TodoLibrary\TodoLibrary.csproj", "{48C28B5D-C13B-4974-9245-1A1DA5C62383}"
EndProject
Global
	GlobalSection(SolutionConfigurationPlatforms) = preSolution
		Debug|Any CPU = Debug|Any CPU
		Release|Any CPU = Release|Any CPU
	EndGlobalSection
	GlobalSection(ProjectConfigurationPlatforms) = postSolution
		{F1CEA383-A1E0-478A-B4CF-FD77DB9F52F2}.Debug|Any CPU.ActiveCfg = Debug|Any CPU
		{F1CEA383-A1E0-478A-B4CF-FD77DB9F52F2}.Debug|Any CPU.Build.0 = Debug|Any CPU
		{F1CEA383-A1E0-478A-B4CF-FD77DB9F52F2}.Release|Any CPU.ActiveCfg = Release|Any CPU
		{F1CEA383-A1E0-478A-B4CF-FD77DB9F52F2}.Release|Any CPU.Build.0 = Release|Any CPU
		{48C28B5D-C13B-4974-9245-1A1DA5C62383}.Debug|Any CPU.ActiveCfg = Debug|Any CPU
		{48C28B5D-C13B-4974-9245-1A1DA5C62383}.Debug|Any CPU.Build.0 = Debug|Any CPU
		{48C28B5D-C13B-4974-9245-1A1DA5C62383}.Release|Any CPU.ActiveCfg = Release|Any CPU
		{48C28B5D-C13B-4974-9245-1A1DA5C62383}.Release|Any CPU.Build.0 = Release|Any CPU
	EndGlobalSection
	GlobalSection(SolutionProperties) = preSolution
		HideSolutionNode = FALSE
	EndGlobalSection
	GlobalSection(ExtensibilityGlobals) = postSolution
		SolutionGuid = {8B70F279-BE7A-499F-9B59-1460AE964EDB}
	EndGlobalSection
EndGlobal
